# This file is automatically @generated by Cargo.
# It is not intended for manual editing.
version = 4

[[package]]
name = "temnion-bench"
version = "0.1.0"
dependencies = [
 "temnion-core",
 "temnion-events",
 "temnion-state",
]

[[package]]
name = "temnion-cli"
version = "0.1.0"
dependencies = [
 "temnion-core",
 "temnion-events",
 "temnion-state",
]

[[package]]
name = "temnion-core"
version = "0.1.0"

[[package]]
name = "temnion-events"
version = "0.1.0"
dependencies = [
 "temnion-core",
]

[[package]]
name = "temnion-state"
version = "0.1.0"
dependencies = [
 "temnion-core",
]
